# This file was autogenerated by Stack.
# You should not edit this file by hand.
# For more information, please see the documentation at:
#   https://docs.haskellstack.org/en/stable/lock_files

packages:
- completed:
    name: amqp-streamly
    version: 0.1.0
    git: https://github.com/blackheaven/amqp-streamly.git
    pantry-tree:
      size: 660
      sha256: c47436b880d842ca4b9bcd2653ee939c63c1cb132658ff07cb8d8955c766ae22
    commit: 3e963dea915a55ae0970234ad8e03783a0e8bc43
  original:
    git: https://github.com/blackheaven/amqp-streamly.git
    commit: 3e963dea915a55ae0970234ad8e03783a0e8bc43
- completed:
    name: servant-streamly
    version: 0.1.0
    git: https://github.com/blackheaven/servant-streamly.git
    pantry-tree:
      size: 707
      sha256: d219fd03e2e20eab5402e4f1d006e54fe66697a271ba725a5b6061433144f254
    commit: 8579aacff05e10a56ae453f19656f6453f669f92
  original:
    git: https://github.com/blackheaven/servant-streamly.git
    commit: 8579aacff05e10a56ae453f19656f6453f669f92
- completed:
    name: testcontainers
    version: 0.1.0.0
    git: https://github.com/blackheaven/testcontainers-hs.git
    pantry-tree:
      size: 898
      sha256: dbc126b69dcfe9b423e7648e7ecf03a93c367c267b802ee1f0d30dd059e5f7c3
    commit: bf74848f19313e5708f78f9bef30cd588a7c9ea5
  original:
    git: https://github.com/blackheaven/testcontainers-hs.git
    commit: bf74848f19313e5708f78f9bef30cd588a7c9ea5
snapshots:
- completed:
    size: 531701
    url: https://raw.githubusercontent.com/commercialhaskell/stackage-snapshots/master/lts/16/4.yaml
    sha256: d6119cdacc6d6b39c0bb8f6e11e8db6a21e92a38552e0d553414ba346592b53f
  original: lts-16.4
